
Microsoft Visual Studio Solution File, Format Version 12.00
# Visual Studio Version 17
VisualStudioVersion = 17.3.32901.215
MinimumVisualStudioVersion = 10.0.40219.1
Project("{FAE04EC0-301F-11D3-BF4B-00C04F79EFBC}") = "Lab-task_4", "Lab-task_4\Lab-task_4.csproj", "{87F73E70-DE0C-45AA-A2C4-B2BDE8D7A257}"
EndProject
Global
	GlobalSection(SolutionConfigurationPlatforms) = preSolution
		Debug|Any CPU = Debug|Any CPU
		Release|Any CPU = Release|Any CPU
	EndGlobalSection
	GlobalSection(ProjectConfigurationPlatforms) = postSolution
		{87F73E70-DE0C-45AA-A2C4-B2BDE8D7A257}.Debug|Any CPU.ActiveCfg = Debug|Any CPU
		{87F73E70-DE0C-45AA-A2C4-B2BDE8D7A257}.Debug|Any CPU.Build.0 = Debug|Any CPU
		{87F73E70-DE0C-45AA-A2C4-B2BDE8D7A257}.Release|Any CPU.ActiveCfg = Release|Any CPU
		{87F73E70-DE0C-45AA-A2C4-B2BDE8D7A257}.Release|Any CPU.Build.0 = Release|Any CPU
	EndGlobalSection
	GlobalSection(SolutionProperties) = preSolution
		HideSolutionNode = FALSE
	EndGlobalSection
	GlobalSection(ExtensibilityGlobals) = postSolution
		SolutionGuid = {B5D76DD5-722D-4CED-9262-CC1AB09D7911}
	EndGlobalSection
EndGlobal
