
Microsoft Visual Studio Solution File, Format Version 12.00
# Visual Studio Version 17
VisualStudioVersion = 17.3.32901.215
MinimumVisualStudioVersion = 10.0.40219.1
Project("{FAE04EC0-301F-11D3-BF4B-00C04F79EFBC}") = "Lab_task_3.1", "Lab_task_3.1\Lab_task_3.1.csproj", "{62462F5C-6450-4B80-95C0-60BB53830970}"
EndProject
Global
	GlobalSection(SolutionConfigurationPlatforms) = preSolution
		Debug|Any CPU = Debug|Any CPU
		Release|Any CPU = Release|Any CPU
	EndGlobalSection
	GlobalSection(ProjectConfigurationPlatforms) = postSolution
		{62462F5C-6450-4B80-95C0-60BB53830970}.Debug|Any CPU.ActiveCfg = Debug|Any CPU
		{62462F5C-6450-4B80-95C0-60BB53830970}.Debug|Any CPU.Build.0 = Debug|Any CPU
		{62462F5C-6450-4B80-95C0-60BB53830970}.Release|Any CPU.ActiveCfg = Release|Any CPU
		{62462F5C-6450-4B80-95C0-60BB53830970}.Release|Any CPU.Build.0 = Release|Any CPU
	EndGlobalSection
	GlobalSection(SolutionProperties) = preSolution
		HideSolutionNode = FALSE
	EndGlobalSection
	GlobalSection(ExtensibilityGlobals) = postSolution
		SolutionGuid = {57E3EA6F-CFB2-4F7B-A7FB-1B1A50DB1BB9}
	EndGlobalSection
EndGlobal
