
Microsoft Visual Studio Solution File, Format Version 12.00
# Visual Studio Version 17
VisualStudioVersion = 17.3.32901.215
MinimumVisualStudioVersion = 10.0.40219.1
Project("{FAE04EC0-301F-11D3-BF4B-00C04F79EFBC}") = "21-44793-1", "21-44793-1\21-44793-1.csproj", "{938BF8AA-959C-4471-9F48-E803DCC7BAC7}"
EndProject
Global
	GlobalSection(SolutionConfigurationPlatforms) = preSolution
		Debug|Any CPU = Debug|Any CPU
		Release|Any CPU = Release|Any CPU
	EndGlobalSection
	GlobalSection(ProjectConfigurationPlatforms) = postSolution
		{938BF8AA-959C-4471-9F48-E803DCC7BAC7}.Debug|Any CPU.ActiveCfg = Debug|Any CPU
		{938BF8AA-959C-4471-9F48-E803DCC7BAC7}.Debug|Any CPU.Build.0 = Debug|Any CPU
		{938BF8AA-959C-4471-9F48-E803DCC7BAC7}.Release|Any CPU.ActiveCfg = Release|Any CPU
		{938BF8AA-959C-4471-9F48-E803DCC7BAC7}.Release|Any CPU.Build.0 = Release|Any CPU
	EndGlobalSection
	GlobalSection(SolutionProperties) = preSolution
		HideSolutionNode = FALSE
	EndGlobalSection
	GlobalSection(ExtensibilityGlobals) = postSolution
		SolutionGuid = {BA43ABF6-D088-4475-96BA-6FBDA2D48829}
	EndGlobalSection
EndGlobal
