
Microsoft Visual Studio Solution File, Format Version 12.00
# Visual Studio Version 17
VisualStudioVersion = 17.3.32901.215
MinimumVisualStudioVersion = 10.0.40219.1
Project("{FAE04EC0-301F-11D3-BF4B-00C04F79EFBC}") = "RegistrationFrom", "RegistrationFrom\RegistrationFrom.csproj", "{575EE9F5-9C01-4790-AB8E-A76FB6BB5038}"
EndProject
Global
	GlobalSection(SolutionConfigurationPlatforms) = preSolution
		Debug|Any CPU = Debug|Any CPU
		Release|Any CPU = Release|Any CPU
	EndGlobalSection
	GlobalSection(ProjectConfigurationPlatforms) = postSolution
		{575EE9F5-9C01-4790-AB8E-A76FB6BB5038}.Debug|Any CPU.ActiveCfg = Debug|Any CPU
		{575EE9F5-9C01-4790-AB8E-A76FB6BB5038}.Debug|Any CPU.Build.0 = Debug|Any CPU
		{575EE9F5-9C01-4790-AB8E-A76FB6BB5038}.Release|Any CPU.ActiveCfg = Release|Any CPU
		{575EE9F5-9C01-4790-AB8E-A76FB6BB5038}.Release|Any CPU.Build.0 = Release|Any CPU
	EndGlobalSection
	GlobalSection(SolutionProperties) = preSolution
		HideSolutionNode = FALSE
	EndGlobalSection
	GlobalSection(ExtensibilityGlobals) = postSolution
		SolutionGuid = {55A2B1B4-4ED4-4CD1-898E-5DE8F3E4E733}
	EndGlobalSection
EndGlobal
