
Microsoft Visual Studio Solution File, Format Version 12.00
# Visual Studio Version 17
VisualStudioVersion = 17.3.32901.215
MinimumVisualStudioVersion = 10.0.40219.1
Project("{FAE04EC0-301F-11D3-BF4B-00C04F79EFBC}") = "Lab_task2", "Lab_task2\Lab_task2.csproj", "{BB7DF8D8-ECD4-406A-9964-F61CC84AF097}"
EndProject
Global
	GlobalSection(SolutionConfigurationPlatforms) = preSolution
		Debug|Any CPU = Debug|Any CPU
		Release|Any CPU = Release|Any CPU
	EndGlobalSection
	GlobalSection(ProjectConfigurationPlatforms) = postSolution
		{BB7DF8D8-ECD4-406A-9964-F61CC84AF097}.Debug|Any CPU.ActiveCfg = Debug|Any CPU
		{BB7DF8D8-ECD4-406A-9964-F61CC84AF097}.Debug|Any CPU.Build.0 = Debug|Any CPU
		{BB7DF8D8-ECD4-406A-9964-F61CC84AF097}.Release|Any CPU.ActiveCfg = Release|Any CPU
		{BB7DF8D8-ECD4-406A-9964-F61CC84AF097}.Release|Any CPU.Build.0 = Release|Any CPU
	EndGlobalSection
	GlobalSection(SolutionProperties) = preSolution
		HideSolutionNode = FALSE
	EndGlobalSection
	GlobalSection(ExtensibilityGlobals) = postSolution
		SolutionGuid = {E373A8DF-D743-4889-9690-202784C406D4}
	EndGlobalSection
EndGlobal
